// !$*UTF8*$!
{
	archiveVersion = 1;
	classes = {
	};
	objectVersion = 77;
	objects = {

/* Begin PBXBuildFile section */
		7373C8EA2EED06920085A724 /* Localizable.strings in Resources */ = {isa = PBXBuildFile; fileRef = 7373C8E82EED06920085A724 /* Localizable.strings */; };
		7373C8ED2EED06C30085A724 /* StartViewController.swift in Sources */ = {isa = PBXBuildFile; fileRef = 7373C8EC2EED06C30085A724 /* StartViewController.swift */; };
		7373C8EF2EED06CF0085A724 /* BaseViewController.swift in Sources */ = {isa = PBXBuildFile; fileRef = 7373C8EE2EED06CF0085A724 /* BaseViewController.swift */; };
		7373C8F12EED06EC0085A724 /* BaseTabBarController.swift in Sources */ = {isa = PBXBuildFile; fileRef = 7373C8F02EED06EC0085A724 /* BaseTabBarController.swift */; };
		7373C8F32EED06F90085A724 /* BaseNavigationController.swift in Sources */ = {isa = PBXBuildFile; fileRef = 7373C8F22EED06F90085A724 /* BaseNavigationController.swift */; };
		7373C8F52EED0A4E0085A724 /* HomeViewController.swift in Sources */ = {isa = PBXBuildFile; fileRef = 7373C8F42EED0A4E0085A724 /* HomeViewController.swift */; };
		7373C8F72EED0A630085A724 /* OrderViewController.swift in Sources */ = {isa = PBXBuildFile; fileRef = 7373C8F62EED0A630085A724 /* OrderViewController.swift */; };
		7373C8F92EED0A6F0085A724 /* CenterViewController.swift in Sources */ = {isa = PBXBuildFile; fileRef = 7373C8F82EED0A6F0085A724 /* CenterViewController.swift */; };
		7373C8FB2EED0AC20085A724 /* UIColorExtension.swift in Sources */ = {isa = PBXBuildFile; fileRef = 7373C8FA2EED0AC20085A724 /* UIColorExtension.swift */; };
		7373C8FD2EED0AF90085A724 /* LanguageManager.swift in Sources */ = {isa = PBXBuildFile; fileRef = 7373C8FC2EED0AF80085A724 /* LanguageManager.swift */; };
		7373C8FF2EED18530085A724 /* LoginConfig.swift in Sources */ = {isa = PBXBuildFile; fileRef = 7373C8FE2EED18420085A724 /* LoginConfig.swift */; };
		73BD812D2EECFBF700979190 /* Assets.xcassets in Resources */ = {isa = PBXBuildFile; fileRef = 73BD81242EECFBF700979190 /* Assets.xcassets */; };
		73BD812F2EECFBF700979190 /* LaunchScreen.storyboard in Resources */ = {isa = PBXBuildFile; fileRef = 73BD81272EECFBF700979190 /* LaunchScreen.storyboard */; };
		73BD81312EECFBF700979190 /* AppDelegate.swift in Sources */ = {isa = PBXBuildFile; fileRef = 73BD81232EECFBF700979190 /* AppDelegate.swift */; };
		F9F9EC17BA74DAE3EA6B1D07 /* Pods_OkDana.framework in Frameworks */ = {isa = PBXBuildFile; fileRef = EED710BEBDFF0AF19F2B60B4 /* Pods_OkDana.framework */; };
/* End PBXBuildFile section */

/* Begin PBXFileReference section */
		051F5B55662606AE75C05BA1 /* Pods-OkDana.release.xcconfig */ = {isa = PBXFileReference; includeInIndex = 1; lastKnownFileType = text.xcconfig; name = "Pods-OkDana.release.xcconfig"; path = "Target Support Files/Pods-OkDana/Pods-OkDana.release.xcconfig"; sourceTree = "<group>"; };
		7373C8E22EED03F50085A724 /* OkDana.entitlements */ = {isa = PBXFileReference; lastKnownFileType = text.plist.entitlements; path = OkDana.entitlements; sourceTree = "<group>"; };
		7373C8E92EED06920085A724 /* en */ = {isa = PBXFileReference; lastKnownFileType = text.plist.strings; name = en; path = en.lproj/Localizable.strings; sourceTree = "<group>"; };
		7373C8EB2EED06980085A724 /* id */ = {isa = PBXFileReference; lastKnownFileType = text.plist.strings; name = id; path = id.lproj/Localizable.strings; sourceTree = "<group>"; };
		7373C8EC2EED06C30085A724 /* StartViewController.swift */ = {isa = PBXFileReference; lastKnownFileType = sourcecode.swift; path = StartViewController.swift; sourceTree = "<group>"; };
		7373C8EE2EED06CF0085A724 /* BaseViewController.swift */ = {isa = PBXFileReference; lastKnownFileType = sourcecode.swift; path = BaseViewController.swift; sourceTree = "<group>"; };
		7373C8F02EED06EC0085A724 /* BaseTabBarController.swift */ = {isa = PBXFileReference; lastKnownFileType = sourcecode.swift; path = BaseTabBarController.swift; sourceTree = "<group>"; };
		7373C8F22EED06F90085A724 /* BaseNavigationController.swift */ = {isa = PBXFileReference; lastKnownFileType = sourcecode.swift; path = BaseNavigationController.swift; sourceTree = "<group>"; };
		7373C8F42EED0A4E0085A724 /* HomeViewController.swift */ = {isa = PBXFileReference; lastKnownFileType = sourcecode.swift; path = HomeViewController.swift; sourceTree = "<group>"; };
		7373C8F62EED0A630085A724 /* OrderViewController.swift */ = {isa = PBXFileReference; lastKnownFileType = sourcecode.swift; path = OrderViewController.swift; sourceTree = "<group>"; };
		7373C8F82EED0A6F0085A724 /* CenterViewController.swift */ = {isa = PBXFileReference; lastKnownFileType = sourcecode.swift; path = CenterViewController.swift; sourceTree = "<group>"; };
		7373C8FA2EED0AC20085A724 /* UIColorExtension.swift */ = {isa = PBXFileReference; lastKnownFileType = sourcecode.swift; path = UIColorExtension.swift; sourceTree = "<group>"; };
		7373C8FC2EED0AF80085A724 /* LanguageManager.swift */ = {isa = PBXFileReference; lastKnownFileType = sourcecode.swift; path = LanguageManager.swift; sourceTree = "<group>"; };
		7373C8FE2EED18420085A724 /* LoginConfig.swift */ = {isa = PBXFileReference; lastKnownFileType = sourcecode.swift; path = LoginConfig.swift; sourceTree = "<group>"; };
		73BD810B2EECFBEF00979190 /* OkDana.app */ = {isa = PBXFileReference; explicitFileType = wrapper.application; includeInIndex = 0; path = OkDana.app; sourceTree = BUILT_PRODUCTS_DIR; };
		73BD81232EECFBF700979190 /* AppDelegate.swift */ = {isa = PBXFileReference; lastKnownFileType = sourcecode.swift; path = AppDelegate.swift; sourceTree = "<group>"; };
		73BD81242EECFBF700979190 /* Assets.xcassets */ = {isa = PBXFileReference; lastKnownFileType = folder.assetcatalog; path = Assets.xcassets; sourceTree = "<group>"; };
		73BD81252EECFBF700979190 /* Info.plist */ = {isa = PBXFileReference; lastKnownFileType = text.plist.xml; path = Info.plist; sourceTree = "<group>"; };
		73BD81262EECFBF700979190 /* Base */ = {isa = PBXFileReference; lastKnownFileType = file.storyboard; name = Base; path = Base.lproj/LaunchScreen.storyboard; sourceTree = "<group>"; };
		8223264657DF9D221A8EC8B3 /* Pods-OkDana.debug.xcconfig */ = {isa = PBXFileReference; includeInIndex = 1; lastKnownFileType = text.xcconfig; name = "Pods-OkDana.debug.xcconfig"; path = "Target Support Files/Pods-OkDana/Pods-OkDana.debug.xcconfig"; sourceTree = "<group>"; };
		EED710BEBDFF0AF19F2B60B4 /* Pods_OkDana.framework */ = {isa = PBXFileReference; explicitFileType = wrapper.framework; includeInIndex = 0; path = Pods_OkDana.framework; sourceTree = BUILT_PRODUCTS_DIR; };
/* End PBXFileReference section */

/* Begin PBXFrameworksBuildPhase section */
		73BD81082EECFBEF00979190 /* Frameworks */ = {
			isa = PBXFrameworksBuildPhase;
			buildActionMask = 2147483647;
			files = (
				F9F9EC17BA74DAE3EA6B1D07 /* Pods_OkDana.framework in Frameworks */,
			);
			runOnlyForDeploymentPostprocessing = 0;
		};
/* End PBXFrameworksBuildPhase section */

/* Begin PBXGroup section */
		26B02BC1C365D6DA5C584E3D /* Pods */ = {
			isa = PBXGroup;
			children = (
				8223264657DF9D221A8EC8B3 /* Pods-OkDana.debug.xcconfig */,
				051F5B55662606AE75C05BA1 /* Pods-OkDana.release.xcconfig */,
			);
			path = Pods;
			sourceTree = "<group>";
		};
		5F50718E34BAC3E2CB7B457E /* Frameworks */ = {
			isa = PBXGroup;
			children = (
				EED710BEBDFF0AF19F2B60B4 /* Pods_OkDana.framework */,
			);
			name = Frameworks;
			sourceTree = "<group>";
		};
		73BD81022EECFBEF00979190 = {
			isa = PBXGroup;
			children = (
				73BD812C2EECFBF700979190 /* OkDana */,
				73BD810C2EECFBEF00979190 /* Products */,
				26B02BC1C365D6DA5C584E3D /* Pods */,
				5F50718E34BAC3E2CB7B457E /* Frameworks */,
			);
			sourceTree = "<group>";
		};
		73BD810C2EECFBEF00979190 /* Products */ = {
			isa = PBXGroup;
			children = (
				73BD810B2EECFBEF00979190 /* OkDana.app */,
			);
			name = Products;
			sourceTree = "<group>";
		};
		73BD812C2EECFBF700979190 /* OkDana */ = {
			isa = PBXGroup;
			children = (
				7373C8E22EED03F50085A724 /* OkDana.entitlements */,
				73BD81252EECFBF700979190 /* Info.plist */,
				73BD81242EECFBF700979190 /* Assets.xcassets */,
				73BD81232EECFBF700979190 /* AppDelegate.swift */,
				73BD81272EECFBF700979190 /* LaunchScreen.storyboard */,
				7373C8E82EED06920085A724 /* Localizable.strings */,
				73BD81392EECFF5C00979190 /* Center */,
				73BD81382EECFF5900979190 /* Order */,
				73BD81372EECFF5600979190 /* Home */,
				73BD81362EECFF5400979190 /* Login */,
				73BD813A2EECFF6100979190 /* Auth */,
				73BD81352EECFF5100979190 /* Http */,
				73BD81342EECFF4F00979190 /* Base */,
			);
			path = OkDana;
			sourceTree = "<group>";
		};
		73BD81342EECFF4F00979190 /* Base */ = {
			isa = PBXGroup;
			children = (
				7373C8FE2EED18420085A724 /* LoginConfig.swift */,
				7373C8FA2EED0AC20085A724 /* UIColorExtension.swift */,
				7373C8FC2EED0AF80085A724 /* LanguageManager.swift */,
				7373C8EC2EED06C30085A724 /* StartViewController.swift */,
				7373C8EE2EED06CF0085A724 /* BaseViewController.swift */,
				7373C8F02EED06EC0085A724 /* BaseTabBarController.swift */,
				7373C8F22EED06F90085A724 /* BaseNavigationController.swift */,
			);
			path = Base;
			sourceTree = "<group>";
		};
		73BD81352EECFF5100979190 /* Http */ = {
			isa = PBXGroup;
			children = (
			);
			path = Http;
			sourceTree = "<group>";
		};
		73BD81362EECFF5400979190 /* Login */ = {
			isa = PBXGroup;
			children = (
			);
			path = Login;
			sourceTree = "<group>";
		};
		73BD81372EECFF5600979190 /* Home */ = {
			isa = PBXGroup;
			children = (
				7373C8F42EED0A4E0085A724 /* HomeViewController.swift */,
			);
			path = Home;
			sourceTree = "<group>";
		};
		73BD81382EECFF5900979190 /* Order */ = {
			isa = PBXGroup;
			children = (
				7373C8F62EED0A630085A724 /* OrderViewController.swift */,
			);
			path = Order;
			sourceTree = "<group>";
		};
		73BD81392EECFF5C00979190 /* Center */ = {
			isa = PBXGroup;
			children = (
				7373C8F82EED0A6F0085A724 /* CenterViewController.swift */,
			);
			path = Center;
			sourceTree = "<group>";
		};
		73BD813A2EECFF6100979190 /* Auth */ = {
			isa = PBXGroup;
			children = (
			);
			path = Auth;
			sourceTree = "<group>";
		};
/* End PBXGroup section */

/* Begin PBXNativeTarget section */
		73BD810A2EECFBEF00979190 /* OkDana */ = {
			isa = PBXNativeTarget;
			buildConfigurationList = 73BD811E2EECFBF100979190 /* Build configuration list for PBXNativeTarget "OkDana" */;
			buildPhases = (
				6FF241537D62BDD85D065190 /* [CP] Check Pods Manifest.lock */,
				73BD81072EECFBEF00979190 /* Sources */,
				73BD81082EECFBEF00979190 /* Frameworks */,
				73BD81092EECFBEF00979190 /* Resources */,
				F49D529B766F5A357387FDD8 /* [CP] Embed Pods Frameworks */,
			);
			buildRules = (
			);
			dependencies = (
			);
			name = OkDana;
			productName = OkDana;
			productReference = 73BD810B2EECFBEF00979190 /* OkDana.app */;
			productType = "com.apple.product-type.application";
		};
/* End PBXNativeTarget section */

/* Begin PBXProject section */
		73BD81032EECFBEF00979190 /* Project object */ = {
			isa = PBXProject;
			attributes = {
				BuildIndependentTargetsInParallel = 1;
				LastSwiftUpdateCheck = 2610;
				LastUpgradeCheck = 2610;
				TargetAttributes = {
					73BD810A2EECFBEF00979190 = {
						CreatedOnToolsVersion = 26.1.1;
					};
				};
			};
			buildConfigurationList = 73BD81062EECFBEF00979190 /* Build configuration list for PBXProject "OkDana" */;
			developmentRegion = en;
			hasScannedForEncodings = 0;
			knownRegions = (
				en,
				Base,
				id,
			);
			mainGroup = 73BD81022EECFBEF00979190;
			minimizedProjectReferenceProxies = 1;
			preferredProjectObjectVersion = 77;
			productRefGroup = 73BD810C2EECFBEF00979190 /* Products */;
			projectDirPath = "";
			projectRoot = "";
			targets = (
				73BD810A2EECFBEF00979190 /* OkDana */,
			);
		};
/* End PBXProject section */

/* Begin PBXResourcesBuildPhase section */
		73BD81092EECFBEF00979190 /* Resources */ = {
			isa = PBXResourcesBuildPhase;
			buildActionMask = 2147483647;
			files = (
				73BD812D2EECFBF700979190 /* Assets.xcassets in Resources */,
				7373C8EA2EED06920085A724 /* Localizable.strings in Resources */,
				73BD812F2EECFBF700979190 /* LaunchScreen.storyboard in Resources */,
			);
			runOnlyForDeploymentPostprocessing = 0;
		};
/* End PBXResourcesBuildPhase section */

/* Begin PBXShellScriptBuildPhase section */
		6FF241537D62BDD85D065190 /* [CP] Check Pods Manifest.lock */ = {
			isa = PBXShellScriptBuildPhase;
			buildActionMask = 2147483647;
			files = (
			);
			inputFileListPaths = (
			);
			inputPaths = (
				"${PODS_PODFILE_DIR_PATH}/Podfile.lock",
				"${PODS_ROOT}/Manifest.lock",
			);
			name = "[CP] Check Pods Manifest.lock";
			outputFileListPaths = (
			);
			outputPaths = (
				"$(DERIVED_FILE_DIR)/Pods-OkDana-checkManifestLockResult.txt",
			);
			runOnlyForDeploymentPostprocessing = 0;
			shellPath = /bin/sh;
			shellScript = "diff \"${PODS_PODFILE_DIR_PATH}/Podfile.lock\" \"${PODS_ROOT}/Manifest.lock\" > /dev/null\nif [ $? != 0 ] ; then\n    # print error to STDERR\n    echo \"error: The sandbox is not in sync with the Podfile.lock. Run 'pod install' or update your CocoaPods installation.\" >&2\n    exit 1\nfi\n# This output is used by Xcode 'outputs' to avoid re-running this script phase.\necho \"SUCCESS\" > \"${SCRIPT_OUTPUT_FILE_0}\"\n";
			showEnvVarsInLog = 0;
		};
		F49D529B766F5A357387FDD8 /* [CP] Embed Pods Frameworks */ = {
			isa = PBXShellScriptBuildPhase;
			buildActionMask = 2147483647;
			files = (
			);
			inputFileListPaths = (
				"${PODS_ROOT}/Target Support Files/Pods-OkDana/Pods-OkDana-frameworks-${CONFIGURATION}-input-files.xcfilelist",
			);
			inputPaths = (
			);
			name = "[CP] Embed Pods Frameworks";
			outputFileListPaths = (
				"${PODS_ROOT}/Target Support Files/Pods-OkDana/Pods-OkDana-frameworks-${CONFIGURATION}-output-files.xcfilelist",
			);
			outputPaths = (
			);
			runOnlyForDeploymentPostprocessing = 0;
			shellPath = /bin/sh;
			shellScript = "\"${PODS_ROOT}/Target Support Files/Pods-OkDana/Pods-OkDana-frameworks.sh\"\n";
			showEnvVarsInLog = 0;
		};
/* End PBXShellScriptBuildPhase section */

/* Begin PBXSourcesBuildPhase section */
		73BD81072EECFBEF00979190 /* Sources */ = {
			isa = PBXSourcesBuildPhase;
			buildActionMask = 2147483647;
			files = (
				7373C8FF2EED18530085A724 /* LoginConfig.swift in Sources */,
				7373C8F12EED06EC0085A724 /* BaseTabBarController.swift in Sources */,
				73BD81312EECFBF700979190 /* AppDelegate.swift in Sources */,
				7373C8ED2EED06C30085A724 /* StartViewController.swift in Sources */,
				7373C8FB2EED0AC20085A724 /* UIColorExtension.swift in Sources */,
				7373C8F72EED0A630085A724 /* OrderViewController.swift in Sources */,
				7373C8F32EED06F90085A724 /* BaseNavigationController.swift in Sources */,
				7373C8F92EED0A6F0085A724 /* CenterViewController.swift in Sources */,
				7373C8EF2EED06CF0085A724 /* BaseViewController.swift in Sources */,
				7373C8F52EED0A4E0085A724 /* HomeViewController.swift in Sources */,
				7373C8FD2EED0AF90085A724 /* LanguageManager.swift in Sources */,
			);
			runOnlyForDeploymentPostprocessing = 0;
		};
/* End PBXSourcesBuildPhase section */

/* Begin PBXVariantGroup section */
		7373C8E82EED06920085A724 /* Localizable.strings */ = {
			isa = PBXVariantGroup;
			children = (
				7373C8E92EED06920085A724 /* en */,
				7373C8EB2EED06980085A724 /* id */,
			);
			name = Localizable.strings;
			sourceTree = "<group>";
		};
		73BD81272EECFBF700979190 /* LaunchScreen.storyboard */ = {
			isa = PBXVariantGroup;
			children = (
				73BD81262EECFBF700979190 /* Base */,
			);
			name = LaunchScreen.storyboard;
			sourceTree = "<group>";
		};
/* End PBXVariantGroup section */

/* Begin XCBuildConfiguration section */
		73BD811F2EECFBF100979190 /* Debug */ = {
			isa = XCBuildConfiguration;
			baseConfigurationReference = 8223264657DF9D221A8EC8B3 /* Pods-OkDana.debug.xcconfig */;
			buildSettings = {
				ASSETCATALOG_COMPILER_APPICON_NAME = AppIcon;
				ASSETCATALOG_COMPILER_GLOBAL_ACCENT_COLOR_NAME = AccentColor;
				CODE_SIGN_ENTITLEMENTS = OkDana/OkDana.entitlements;
				CODE_SIGN_IDENTITY = "Apple Development";
				CODE_SIGN_STYLE = Automatic;
				CURRENT_PROJECT_VERSION = 1;
				DEVELOPMENT_TEAM = 57MBH2272N;
				GENERATE_INFOPLIST_FILE = YES;
				INFOPLIST_FILE = OkDana/Info.plist;
				INFOPLIST_KEY_CFBundleDisplayName = "Ok Dana";
				INFOPLIST_KEY_UIApplicationSupportsIndirectInputEvents = YES;
				INFOPLIST_KEY_UILaunchStoryboardName = LaunchScreen;
				INFOPLIST_KEY_UISupportedInterfaceOrientations = UIInterfaceOrientationPortrait;
				INFOPLIST_KEY_UISupportedInterfaceOrientations_iPad = "UIInterfaceOrientationLandscapeLeft UIInterfaceOrientationLandscapeRight UIInterfaceOrientationPortrait UIInterfaceOrientationPortraitUpsideDown";
				IPHONEOS_DEPLOYMENT_TARGET = 14.0;
				LD_RUNPATH_SEARCH_PATHS = (
					"$(inherited)",
					"@executable_path/Frameworks",
				);
				MARKETING_VERSION = 1.0;
				PRODUCT_BUNDLE_IDENTIFIER = ok.zoom.loan;
				PRODUCT_NAME = "$(TARGET_NAME)";
				PROVISIONING_PROFILE_SPECIFIER = "";
				STRING_CATALOG_GENERATE_SYMBOLS = YES;
				SUPPORTED_PLATFORMS = "iphoneos iphonesimulator";
				SUPPORTS_MACCATALYST = NO;
				SUPPORTS_MAC_DESIGNED_FOR_IPHONE_IPAD = NO;
				SUPPORTS_XR_DESIGNED_FOR_IPHONE_IPAD = NO;
				SWIFT_APPROACHABLE_CONCURRENCY = YES;
				SWIFT_DEFAULT_ACTOR_ISOLATION = MainActor;
				SWIFT_EMIT_LOC_STRINGS = YES;
				SWIFT_UPCOMING_FEATURE_MEMBER_IMPORT_VISIBILITY = YES;
				SWIFT_VERSION = 5.0;
				TARGETED_DEVICE_FAMILY = 1;
			};
			name = Debug;
		};
		73BD81202EECFBF100979190 /* Release */ = {
			isa = XCBuildConfiguration;
			baseConfigurationReference = 051F5B55662606AE75C05BA1 /* Pods-OkDana.release.xcconfig */;
			buildSettings = {
				ASSETCATALOG_COMPILER_APPICON_NAME = AppIcon;
				ASSETCATALOG_COMPILER_GLOBAL_ACCENT_COLOR_NAME = AccentColor;
				CODE_SIGN_ENTITLEMENTS = OkDana/OkDana.entitlements;
				CODE_SIGN_IDENTITY = "Apple Development";
				CODE_SIGN_STYLE = Automatic;
				CURRENT_PROJECT_VERSION = 1;
				DEVELOPMENT_TEAM = 57MBH2272N;
				GENERATE_INFOPLIST_FILE = YES;
				INFOPLIST_FILE = OkDana/Info.plist;
				INFOPLIST_KEY_CFBundleDisplayName = "Ok Dana";
				INFOPLIST_KEY_UIApplicationSupportsIndirectInputEvents = YES;
				INFOPLIST_KEY_UILaunchStoryboardName = LaunchScreen;
				INFOPLIST_KEY_UISupportedInterfaceOrientations = UIInterfaceOrientationPortrait;
				INFOPLIST_KEY_UISupportedInterfaceOrientations_iPad = "UIInterfaceOrientationLandscapeLeft UIInterfaceOrientationLandscapeRight UIInterfaceOrientationPortrait UIInterfaceOrientationPortraitUpsideDown";
				IPHONEOS_DEPLOYMENT_TARGET = 14.0;
				LD_RUNPATH_SEARCH_PATHS = (
					"$(inherited)",
					"@executable_path/Frameworks",
				);
				MARKETING_VERSION = 1.0;
				PRODUCT_BUNDLE_IDENTIFIER = ok.zoom.loan;
				PRODUCT_NAME = "$(TARGET_NAME)";
				PROVISIONING_PROFILE_SPECIFIER = "";
				STRING_CATALOG_GENERATE_SYMBOLS = YES;
				SUPPORTED_PLATFORMS = "iphoneos iphonesimulator";
				SUPPORTS_MACCATALYST = NO;
				SUPPORTS_MAC_DESIGNED_FOR_IPHONE_IPAD = NO;
				SUPPORTS_XR_DESIGNED_FOR_IPHONE_IPAD = NO;
				SWIFT_APPROACHABLE_CONCURRENCY = YES;
				SWIFT_DEFAULT_ACTOR_ISOLATION = MainActor;
				SWIFT_EMIT_LOC_STRINGS = YES;
				SWIFT_UPCOMING_FEATURE_MEMBER_IMPORT_VISIBILITY = YES;
				SWIFT_VERSION = 5.0;
				TARGETED_DEVICE_FAMILY = 1;
			};
			name = Release;
		};
		73BD81212EECFBF100979190 /* Debug */ = {
			isa = XCBuildConfiguration;
			buildSettings = {
				ALWAYS_SEARCH_USER_PATHS = NO;
				ASSETCATALOG_COMPILER_GENERATE_SWIFT_ASSET_SYMBOL_EXTENSIONS = YES;
				CLANG_ANALYZER_LOCALIZABILITY_NONLOCALIZED = YES;
				CLANG_ANALYZER_NONNULL = YES;
				CLANG_ANALYZER_NUMBER_OBJECT_CONVERSION = YES_AGGRESSIVE;
				CLANG_CXX_LANGUAGE_STANDARD = "gnu++20";
				CLANG_ENABLE_MODULES = YES;
				CLANG_ENABLE_OBJC_ARC = YES;
				CLANG_ENABLE_OBJC_WEAK = YES;
				CLANG_WARN_BLOCK_CAPTURE_AUTORELEASING = YES;
				CLANG_WARN_BOOL_CONVERSION = YES;
				CLANG_WARN_COMMA = YES;
				CLANG_WARN_CONSTANT_CONVERSION = YES;
				CLANG_WARN_DEPRECATED_OBJC_IMPLEMENTATIONS = YES;
				CLANG_WARN_DIRECT_OBJC_ISA_USAGE = YES_ERROR;
				CLANG_WARN_DOCUMENTATION_COMMENTS = YES;
				CLANG_WARN_EMPTY_BODY = YES;
				CLANG_WARN_ENUM_CONVERSION = YES;
				CLANG_WARN_INFINITE_RECURSION = YES;
				CLANG_WARN_INT_CONVERSION = YES;
				CLANG_WARN_NON_LITERAL_NULL_CONVERSION = YES;
				CLANG_WARN_OBJC_IMPLICIT_RETAIN_SELF = YES;
				CLANG_WARN_OBJC_LITERAL_CONVERSION = YES;
				CLANG_WARN_OBJC_ROOT_CLASS = YES_ERROR;
				CLANG_WARN_QUOTED_INCLUDE_IN_FRAMEWORK_HEADER = YES;
				CLANG_WARN_RANGE_LOOP_ANALYSIS = YES;
				CLANG_WARN_STRICT_PROTOTYPES = YES;
				CLANG_WARN_SUSPICIOUS_MOVE = YES;
				CLANG_WARN_UNGUARDED_AVAILABILITY = YES_AGGRESSIVE;
				CLANG_WARN_UNREACHABLE_CODE = YES;
				CLANG_WARN__DUPLICATE_METHOD_MATCH = YES;
				COPY_PHASE_STRIP = NO;
				DEBUG_INFORMATION_FORMAT = dwarf;
				ENABLE_STRICT_OBJC_MSGSEND = YES;
				ENABLE_TESTABILITY = YES;
				ENABLE_USER_SCRIPT_SANDBOXING = YES;
				GCC_C_LANGUAGE_STANDARD = gnu17;
				GCC_DYNAMIC_NO_PIC = NO;
				GCC_NO_COMMON_BLOCKS = YES;
				GCC_OPTIMIZATION_LEVEL = 0;
				GCC_PREPROCESSOR_DEFINITIONS = (
					"DEBUG=1",
					"$(inherited)",
				);
				GCC_WARN_64_TO_32_BIT_CONVERSION = YES;
				GCC_WARN_ABOUT_RETURN_TYPE = YES_ERROR;
				GCC_WARN_UNDECLARED_SELECTOR = YES;
				GCC_WARN_UNINITIALIZED_AUTOS = YES_AGGRESSIVE;
				GCC_WARN_UNUSED_FUNCTION = YES;
				GCC_WARN_UNUSED_VARIABLE = YES;
				IPHONEOS_DEPLOYMENT_TARGET = 26.1;
				LOCALIZATION_PREFERS_STRING_CATALOGS = YES;
				MTL_ENABLE_DEBUG_INFO = INCLUDE_SOURCE;
				MTL_FAST_MATH = YES;
				ONLY_ACTIVE_ARCH = YES;
				SDKROOT = iphoneos;
				SWIFT_ACTIVE_COMPILATION_CONDITIONS = "DEBUG $(inherited)";
				SWIFT_OPTIMIZATION_LEVEL = "-Onone";
			};
			name = Debug;
		};
		73BD81222EECFBF100979190 /* Release */ = {
			isa = XCBuildConfiguration;
			buildSettings = {
				ALWAYS_SEARCH_USER_PATHS = NO;
				ASSETCATALOG_COMPILER_GENERATE_SWIFT_ASSET_SYMBOL_EXTENSIONS = YES;
				CLANG_ANALYZER_LOCALIZABILITY_NONLOCALIZED = YES;
				CLANG_ANALYZER_NONNULL = YES;
				CLANG_ANALYZER_NUMBER_OBJECT_CONVERSION = YES_AGGRESSIVE;
				CLANG_CXX_LANGUAGE_STANDARD = "gnu++20";
				CLANG_ENABLE_MODULES = YES;
				CLANG_ENABLE_OBJC_ARC = YES;
				CLANG_ENABLE_OBJC_WEAK = YES;
				CLANG_WARN_BLOCK_CAPTURE_AUTORELEASING = YES;
				CLANG_WARN_BOOL_CONVERSION = YES;
				CLANG_WARN_COMMA = YES;
				CLANG_WARN_CONSTANT_CONVERSION = YES;
				CLANG_WARN_DEPRECATED_OBJC_IMPLEMENTATIONS = YES;
				CLANG_WARN_DIRECT_OBJC_ISA_USAGE = YES_ERROR;
				CLANG_WARN_DOCUMENTATION_COMMENTS = YES;
				CLANG_WARN_EMPTY_BODY = YES;
				CLANG_WARN_ENUM_CONVERSION = YES;
				CLANG_WARN_INFINITE_RECURSION = YES;
				CLANG_WARN_INT_CONVERSION = YES;
				CLANG_WARN_NON_LITERAL_NULL_CONVERSION = YES;
				CLANG_WARN_OBJC_IMPLICIT_RETAIN_SELF = YES;
				CLANG_WARN_OBJC_LITERAL_CONVERSION = YES;
				CLANG_WARN_OBJC_ROOT_CLASS = YES_ERROR;
				CLANG_WARN_QUOTED_INCLUDE_IN_FRAMEWORK_HEADER = YES;
				CLANG_WARN_RANGE_LOOP_ANALYSIS = YES;
				CLANG_WARN_STRICT_PROTOTYPES = YES;
				CLANG_WARN_SUSPICIOUS_MOVE = YES;
				CLANG_WARN_UNGUARDED_AVAILABILITY = YES_AGGRESSIVE;
				CLANG_WARN_UNREACHABLE_CODE = YES;
				CLANG_WARN__DUPLICATE_METHOD_MATCH = YES;
				COPY_PHASE_STRIP = NO;
				DEBUG_INFORMATION_FORMAT = "dwarf-with-dsym";
				ENABLE_NS_ASSERTIONS = NO;
				ENABLE_STRICT_OBJC_MSGSEND = YES;
				ENABLE_USER_SCRIPT_SANDBOXING = YES;
				GCC_C_LANGUAGE_STANDARD = gnu17;
				GCC_NO_COMMON_BLOCKS = YES;
				GCC_WARN_64_TO_32_BIT_CONVERSION = YES;
				GCC_WARN_ABOUT_RETURN_TYPE = YES_ERROR;
				GCC_WARN_UNDECLARED_SELECTOR = YES;
				GCC_WARN_UNINITIALIZED_AUTOS = YES_AGGRESSIVE;
				GCC_WARN_UNUSED_FUNCTION = YES;
				GCC_WARN_UNUSED_VARIABLE = YES;
				IPHONEOS_DEPLOYMENT_TARGET = 26.1;
				LOCALIZATION_PREFERS_STRING_CATALOGS = YES;
				MTL_ENABLE_DEBUG_INFO = NO;
				MTL_FAST_MATH = YES;
				SDKROOT = iphoneos;
				SWIFT_COMPILATION_MODE = wholemodule;
				VALIDATE_PRODUCT = YES;
			};
			name = Release;
		};
/* End XCBuildConfiguration section */

/* Begin XCConfigurationList section */
		73BD81062EECFBEF00979190 /* Build configuration list for PBXProject "OkDana" */ = {
			isa = XCConfigurationList;
			buildConfigurations = (
				73BD81212EECFBF100979190 /* Debug */,
				73BD81222EECFBF100979190 /* Release */,
			);
			defaultConfigurationIsVisible = 0;
			defaultConfigurationName = Release;
		};
		73BD811E2EECFBF100979190 /* Build configuration list for PBXNativeTarget "OkDana" */ = {
			isa = XCConfigurationList;
			buildConfigurations = (
				73BD811F2EECFBF100979190 /* Debug */,
				73BD81202EECFBF100979190 /* Release */,
			);
			defaultConfigurationIsVisible = 0;
			defaultConfigurationName = Release;
		};
/* End XCConfigurationList section */
	};
	rootObject = 73BD81032EECFBEF00979190 /* Project object */;
}
